
Microsoft Visual Studio Solution File, Format Version 12.00
# Visual Studio 14
VisualStudioVersion = 14.0.25420.1
MinimumVisualStudioVersion = 10.0.40219.1
Project("{2150E333-8FDC-42A3-9474-1A3956D46DE8}") = "src", "src", "{FDA0315B-E56C-4CA8-8200-93292CD772B9}"
EndProject
Project("{2150E333-8FDC-42A3-9474-1A3956D46DE8}") = "Solution Items", "Solution Items", "{800EE436-2A43-490E-BA84-0984E0A4118B}"
	ProjectSection(SolutionItems) = preProject
		global.json = global.json
	EndProjectSection
EndProject
Project("{8BB2217D-0F2D-49D1-97BC-3654ED321F3B}") = "KTU.WebApp", "src\KTU.WebApp\KTU.WebApp.xproj", "{5FD01972-C2CD-4F08-90BF-581343401CAA}"
EndProject
Project("{2150E333-8FDC-42A3-9474-1A3956D46DE8}") = "Flugins", "Flugins", "{2618017F-FECF-4120-9054-CAC7C6F8B7A8}"
EndProject
Project("{2150E333-8FDC-42A3-9474-1A3956D46DE8}") = "Core", "Core", "{56FC535F-672E-41EF-839E-538F1772BD2E}"
EndProject
Project("{2150E333-8FDC-42A3-9474-1A3956D46DE8}") = "Library", "Library", "{CDAABBD1-4EF1-45F9-9A10-6CB97BC22563}"
EndProject
Project("{8BB2217D-0F2D-49D1-97BC-3654ED321F3B}") = "KTU.DataAccess", "KTU.DataAccess\KTU.DataAccess.xproj", "{73A732A7-2056-4046-BD95-5251206386B6}"
EndProject
Project("{8BB2217D-0F2D-49D1-97BC-3654ED321F3B}") = "KTU.Services", "KTU.Services\KTU.Services.xproj", "{A0AE80B3-0320-4D88-9651-1100D16F699F}"
EndProject
Project("{8BB2217D-0F2D-49D1-97BC-3654ED321F3B}") = "KTU.Core", "KTU.Core\KTU.Core.xproj", "{6C17C890-27DB-41C4-8E53-03F65E0AB50E}"
EndProject
Project("{8BB2217D-0F2D-49D1-97BC-3654ED321F3B}") = "KTU.Domain", "KTU.Domain\KTU.Domain.xproj", "{6B2868B5-5D0D-46C0-A6C6-9CFA35B5AD3A}"
EndProject
Project("{2150E333-8FDC-42A3-9474-1A3956D46DE8}") = "TaskManager", "TaskManager", "{2F3F39AB-E80E-43E9-A63C-2E78A9D05E27}"
EndProject
Project("{2150E333-8FDC-42A3-9474-1A3956D46DE8}") = "AssetManager", "AssetManager", "{8C93B505-5EF5-4D70-9A2C-801BA2B0B236}"
EndProject
Project("{8BB2217D-0F2D-49D1-97BC-3654ED321F3B}") = "KTU.Asset.Domain", "KTU.Asset.Domain\KTU.Asset.Domain.xproj", "{26D527E0-08A9-43BD-8735-896470A8610C}"
EndProject
Project("{8BB2217D-0F2D-49D1-97BC-3654ED321F3B}") = "KTU.Asset.Service", "KTU.Asset.Service\KTU.Asset.Service.xproj", "{724926A7-7C79-4658-A274-7C977A218260}"
EndProject
Project("{2150E333-8FDC-42A3-9474-1A3956D46DE8}") = "ProjectManager", "ProjectManager", "{ED9E0D6C-3FBC-4A30-A669-C7DA25060B78}"
EndProject
Project("{2150E333-8FDC-42A3-9474-1A3956D46DE8}") = "Test", "Test", "{074DBABD-3C54-451A-B6C2-EBBAF386FCEA}"
EndProject
Project("{8BB2217D-0F2D-49D1-97BC-3654ED321F3B}") = "KTU.Asset.Management.Web", "KTU.Asset.Management.Web\KTU.Asset.Management.Web.xproj", "{A3D434EC-F08F-4821-88EA-DEC45C1AC201}"
EndProject
Global
	GlobalSection(SolutionConfigurationPlatforms) = preSolution
		Debug|Any CPU = Debug|Any CPU
		Release|Any CPU = Release|Any CPU
	EndGlobalSection
	GlobalSection(ProjectConfigurationPlatforms) = postSolution
		{5FD01972-C2CD-4F08-90BF-581343401CAA}.Debug|Any CPU.ActiveCfg = Debug|Any CPU
		{5FD01972-C2CD-4F08-90BF-581343401CAA}.Debug|Any CPU.Build.0 = Debug|Any CPU
		{5FD01972-C2CD-4F08-90BF-581343401CAA}.Release|Any CPU.ActiveCfg = Release|Any CPU
		{5FD01972-C2CD-4F08-90BF-581343401CAA}.Release|Any CPU.Build.0 = Release|Any CPU
		{73A732A7-2056-4046-BD95-5251206386B6}.Debug|Any CPU.ActiveCfg = Debug|Any CPU
		{73A732A7-2056-4046-BD95-5251206386B6}.Debug|Any CPU.Build.0 = Debug|Any CPU
		{73A732A7-2056-4046-BD95-5251206386B6}.Release|Any CPU.ActiveCfg = Release|Any CPU
		{73A732A7-2056-4046-BD95-5251206386B6}.Release|Any CPU.Build.0 = Release|Any CPU
		{A0AE80B3-0320-4D88-9651-1100D16F699F}.Debug|Any CPU.ActiveCfg = Debug|Any CPU
		{A0AE80B3-0320-4D88-9651-1100D16F699F}.Debug|Any CPU.Build.0 = Debug|Any CPU
		{A0AE80B3-0320-4D88-9651-1100D16F699F}.Release|Any CPU.ActiveCfg = Release|Any CPU
		{A0AE80B3-0320-4D88-9651-1100D16F699F}.Release|Any CPU.Build.0 = Release|Any CPU
		{6C17C890-27DB-41C4-8E53-03F65E0AB50E}.Debug|Any CPU.ActiveCfg = Debug|Any CPU
		{6C17C890-27DB-41C4-8E53-03F65E0AB50E}.Debug|Any CPU.Build.0 = Debug|Any CPU
		{6C17C890-27DB-41C4-8E53-03F65E0AB50E}.Release|Any CPU.ActiveCfg = Release|Any CPU
		{6C17C890-27DB-41C4-8E53-03F65E0AB50E}.Release|Any CPU.Build.0 = Release|Any CPU
		{6B2868B5-5D0D-46C0-A6C6-9CFA35B5AD3A}.Debug|Any CPU.ActiveCfg = Debug|Any CPU
		{6B2868B5-5D0D-46C0-A6C6-9CFA35B5AD3A}.Debug|Any CPU.Build.0 = Debug|Any CPU
		{6B2868B5-5D0D-46C0-A6C6-9CFA35B5AD3A}.Release|Any CPU.ActiveCfg = Release|Any CPU
		{6B2868B5-5D0D-46C0-A6C6-9CFA35B5AD3A}.Release|Any CPU.Build.0 = Release|Any CPU
		{26D527E0-08A9-43BD-8735-896470A8610C}.Debug|Any CPU.ActiveCfg = Debug|Any CPU
		{26D527E0-08A9-43BD-8735-896470A8610C}.Debug|Any CPU.Build.0 = Debug|Any CPU
		{26D527E0-08A9-43BD-8735-896470A8610C}.Release|Any CPU.ActiveCfg = Release|Any CPU
		{26D527E0-08A9-43BD-8735-896470A8610C}.Release|Any CPU.Build.0 = Release|Any CPU
		{724926A7-7C79-4658-A274-7C977A218260}.Debug|Any CPU.ActiveCfg = Debug|Any CPU
		{724926A7-7C79-4658-A274-7C977A218260}.Debug|Any CPU.Build.0 = Debug|Any CPU
		{724926A7-7C79-4658-A274-7C977A218260}.Release|Any CPU.ActiveCfg = Release|Any CPU
		{724926A7-7C79-4658-A274-7C977A218260}.Release|Any CPU.Build.0 = Release|Any CPU
		{A3D434EC-F08F-4821-88EA-DEC45C1AC201}.Debug|Any CPU.ActiveCfg = Debug|Any CPU
		{A3D434EC-F08F-4821-88EA-DEC45C1AC201}.Debug|Any CPU.Build.0 = Debug|Any CPU
		{A3D434EC-F08F-4821-88EA-DEC45C1AC201}.Release|Any CPU.ActiveCfg = Release|Any CPU
		{A3D434EC-F08F-4821-88EA-DEC45C1AC201}.Release|Any CPU.Build.0 = Release|Any CPU
	EndGlobalSection
	GlobalSection(SolutionProperties) = preSolution
		HideSolutionNode = FALSE
	EndGlobalSection
	GlobalSection(NestedProjects) = preSolution
		{5FD01972-C2CD-4F08-90BF-581343401CAA} = {FDA0315B-E56C-4CA8-8200-93292CD772B9}
		{2618017F-FECF-4120-9054-CAC7C6F8B7A8} = {FDA0315B-E56C-4CA8-8200-93292CD772B9}
		{56FC535F-672E-41EF-839E-538F1772BD2E} = {FDA0315B-E56C-4CA8-8200-93292CD772B9}
		{CDAABBD1-4EF1-45F9-9A10-6CB97BC22563} = {FDA0315B-E56C-4CA8-8200-93292CD772B9}
		{73A732A7-2056-4046-BD95-5251206386B6} = {CDAABBD1-4EF1-45F9-9A10-6CB97BC22563}
		{A0AE80B3-0320-4D88-9651-1100D16F699F} = {CDAABBD1-4EF1-45F9-9A10-6CB97BC22563}
		{6C17C890-27DB-41C4-8E53-03F65E0AB50E} = {56FC535F-672E-41EF-839E-538F1772BD2E}
		{6B2868B5-5D0D-46C0-A6C6-9CFA35B5AD3A} = {CDAABBD1-4EF1-45F9-9A10-6CB97BC22563}
		{2F3F39AB-E80E-43E9-A63C-2E78A9D05E27} = {2618017F-FECF-4120-9054-CAC7C6F8B7A8}
		{8C93B505-5EF5-4D70-9A2C-801BA2B0B236} = {2618017F-FECF-4120-9054-CAC7C6F8B7A8}
		{26D527E0-08A9-43BD-8735-896470A8610C} = {8C93B505-5EF5-4D70-9A2C-801BA2B0B236}
		{724926A7-7C79-4658-A274-7C977A218260} = {8C93B505-5EF5-4D70-9A2C-801BA2B0B236}
		{ED9E0D6C-3FBC-4A30-A669-C7DA25060B78} = {2618017F-FECF-4120-9054-CAC7C6F8B7A8}
		{074DBABD-3C54-451A-B6C2-EBBAF386FCEA} = {FDA0315B-E56C-4CA8-8200-93292CD772B9}
		{A3D434EC-F08F-4821-88EA-DEC45C1AC201} = {8C93B505-5EF5-4D70-9A2C-801BA2B0B236}
	EndGlobalSection
EndGlobal
